
Microsoft Visual Studio Solution File, Format Version 12.00
# Visual Studio Version 17
VisualStudioVersion = 17.7.34031.279
MinimumVisualStudioVersion = 10.0.40219.1
Project("{FAE04EC0-301F-11D3-BF4B-00C04F79EFBC}") = "PracticeThree", "PracticeThree\PracticeThree.csproj", "{DC1AE1FE-CF62-4232-9276-FA09E620457F}"
EndProject
Global
	GlobalSection(SolutionConfigurationPlatforms) = preSolution
		Debug|Any CPU = Debug|Any CPU
		Release|Any CPU = Release|Any CPU
	EndGlobalSection
	GlobalSection(ProjectConfigurationPlatforms) = postSolution
		{DC1AE1FE-CF62-4232-9276-FA09E620457F}.Debug|Any CPU.ActiveCfg = Debug|Any CPU
		{DC1AE1FE-CF62-4232-9276-FA09E620457F}.Debug|Any CPU.Build.0 = Debug|Any CPU
		{DC1AE1FE-CF62-4232-9276-FA09E620457F}.Release|Any CPU.ActiveCfg = Release|Any CPU
		{DC1AE1FE-CF62-4232-9276-FA09E620457F}.Release|Any CPU.Build.0 = Release|Any CPU
	EndGlobalSection
	GlobalSection(SolutionProperties) = preSolution
		HideSolutionNode = FALSE
	EndGlobalSection
	GlobalSection(ExtensibilityGlobals) = postSolution
		SolutionGuid = {3E0A8111-A5BF-4192-96D7-AB0B999C69BD}
	EndGlobalSection
EndGlobal
