
Microsoft Visual Studio Solution File, Format Version 12.00
# Visual Studio Version 17
VisualStudioVersion = 17.7.34202.233
MinimumVisualStudioVersion = 10.0.40219.1
Project("{FAE04EC0-301F-11D3-BF4B-00C04F79EFBC}") = "AnimalHusbandary", "AnimalHusbandary\AnimalHusbandary.csproj", "{814A662C-411C-414A-B8C2-171B3454A8A7}"
EndProject
Global
	GlobalSection(SolutionConfigurationPlatforms) = preSolution
		Debug|Any CPU = Debug|Any CPU
		Release|Any CPU = Release|Any CPU
	EndGlobalSection
	GlobalSection(ProjectConfigurationPlatforms) = postSolution
		{814A662C-411C-414A-B8C2-171B3454A8A7}.Debug|Any CPU.ActiveCfg = Debug|Any CPU
		{814A662C-411C-414A-B8C2-171B3454A8A7}.Debug|Any CPU.Build.0 = Debug|Any CPU
		{814A662C-411C-414A-B8C2-171B3454A8A7}.Release|Any CPU.ActiveCfg = Release|Any CPU
		{814A662C-411C-414A-B8C2-171B3454A8A7}.Release|Any CPU.Build.0 = Release|Any CPU
	EndGlobalSection
	GlobalSection(SolutionProperties) = preSolution
		HideSolutionNode = FALSE
	EndGlobalSection
	GlobalSection(ExtensibilityGlobals) = postSolution
		SolutionGuid = {F193447F-D6BD-42FB-AF89-3E2C8B95F5CB}
	EndGlobalSection
EndGlobal
